
Microsoft Visual Studio Solution File, Format Version 12.00
# Visual Studio Version 16
VisualStudioVersion = 16.0.29424.173
MinimumVisualStudioVersion = 10.0.40219.1
Project("{FAE04EC0-301F-11D3-BF4B-00C04F79EFBC}") = "BlogDAL", "BlogDAL\BlogDAL.csproj", "{A7A558A1-E2E2-4F30-9AA7-507D9575B231}"
EndProject
Project("{FAE04EC0-301F-11D3-BF4B-00C04F79EFBC}") = "BlogDTO", "BlogDTO\BlogDTO.csproj", "{286EA5BF-7B00-410D-A969-600C8E024478}"
EndProject
Project("{FAE04EC0-301F-11D3-BF4B-00C04F79EFBC}") = "WebBlog", "WebBlog\WebBlog.csproj", "{04D64D54-931A-4054-B72E-6D1A75C69FB0}"
EndProject
Global
	GlobalSection(SolutionConfigurationPlatforms) = preSolution
		Debug|Any CPU = Debug|Any CPU
		Release|Any CPU = Release|Any CPU
	EndGlobalSection
	GlobalSection(ProjectConfigurationPlatforms) = postSolution
		{A7A558A1-E2E2-4F30-9AA7-507D9575B231}.Debug|Any CPU.ActiveCfg = Debug|Any CPU
		{A7A558A1-E2E2-4F30-9AA7-507D9575B231}.Debug|Any CPU.Build.0 = Debug|Any CPU
		{A7A558A1-E2E2-4F30-9AA7-507D9575B231}.Release|Any CPU.ActiveCfg = Release|Any CPU
		{A7A558A1-E2E2-4F30-9AA7-507D9575B231}.Release|Any CPU.Build.0 = Release|Any CPU
		{286EA5BF-7B00-410D-A969-600C8E024478}.Debug|Any CPU.ActiveCfg = Debug|Any CPU
		{286EA5BF-7B00-410D-A969-600C8E024478}.Debug|Any CPU.Build.0 = Debug|Any CPU
		{286EA5BF-7B00-410D-A969-600C8E024478}.Release|Any CPU.ActiveCfg = Release|Any CPU
		{286EA5BF-7B00-410D-A969-600C8E024478}.Release|Any CPU.Build.0 = Release|Any CPU
		{04D64D54-931A-4054-B72E-6D1A75C69FB0}.Debug|Any CPU.ActiveCfg = Debug|Any CPU
		{04D64D54-931A-4054-B72E-6D1A75C69FB0}.Debug|Any CPU.Build.0 = Debug|Any CPU
		{04D64D54-931A-4054-B72E-6D1A75C69FB0}.Release|Any CPU.ActiveCfg = Release|Any CPU
		{04D64D54-931A-4054-B72E-6D1A75C69FB0}.Release|Any CPU.Build.0 = Release|Any CPU
	EndGlobalSection
	GlobalSection(SolutionProperties) = preSolution
		HideSolutionNode = FALSE
	EndGlobalSection
	GlobalSection(ExtensibilityGlobals) = postSolution
		SolutionGuid = {97153CFB-C692-4416-9481-5BFE7370F5C2}
	EndGlobalSection
EndGlobal
